{
  "nodes": {
    "nixpkgs": {
      "locked": {
        "lastModified": 1717974879,
        "narHash": "sha256-GTO3C88+5DX171F/gVS3Qga/hOs/eRMxPFpiHq2t+D8=",
        "owner": "NixOS",
        "repo": "nixpkgs",
        "rev": "c7b821ba2e1e635ba5a76d299af62821cbcb09f3",
        "type": "github"
      },
      "original": {
        "owner": "NixOS",
        "ref": "nixos-unstable",
        "repo": "nixpkgs",
        "type": "github"
      }
    },
    "root": {
      "inputs": {
        "nixpkgs": "nixpkgs",
        "tree-sitter": "tree-sitter"
      }
    },
    "tree-sitter": {
      "inputs": {
        "nixpkgs": [
          "nixpkgs"
        ]
      },
      "locked": {
        "lastModified": 1722771651,
        "narHash": "sha256-OqK+V68vT/LTI4+YGim8uMhFrAapW8lFp7++Aw59T/c=",
        "owner": "viperML",
        "repo": "tree-sitter",
        "rev": "dc02125ff4e4059c8a583ac297c1656c7f14399d",
        "type": "github"
      },
      "original": {
        "owner": "viperML",
        "repo": "tree-sitter",
        "type": "github"
      }
    }
  },
  "root": "root",
  "version": 7
}
